
Microsoft Visual Studio Solution File, Format Version 12.00
# Visual Studio Version 17
VisualStudioVersion = 17.3.32825.248
MinimumVisualStudioVersion = 10.0.40219.1
Project("{9A19103F-16F7-4668-BE54-9A1E7A4F7556}") = "OOP1", "OOP1\OOP1.csproj", "{59660F3B-75E6-4827-A8F5-6CD2A8616C25}"
EndProject
Project("{FAE04EC0-301F-11D3-BF4B-00C04F79EFBC}") = "OOP1Tests", "OOP1Tests\OOP1Tests.csproj", "{2A68AFB5-1B1A-480D-9C77-E89491AA5EFF}"
EndProject
Global
	GlobalSection(SolutionConfigurationPlatforms) = preSolution
		Debug|Any CPU = Debug|Any CPU
		Release|Any CPU = Release|Any CPU
	EndGlobalSection
	GlobalSection(ProjectConfigurationPlatforms) = postSolution
		{59660F3B-75E6-4827-A8F5-6CD2A8616C25}.Debug|Any CPU.ActiveCfg = Debug|Any CPU
		{59660F3B-75E6-4827-A8F5-6CD2A8616C25}.Debug|Any CPU.Build.0 = Debug|Any CPU
		{59660F3B-75E6-4827-A8F5-6CD2A8616C25}.Release|Any CPU.ActiveCfg = Release|Any CPU
		{59660F3B-75E6-4827-A8F5-6CD2A8616C25}.Release|Any CPU.Build.0 = Release|Any CPU
		{2A68AFB5-1B1A-480D-9C77-E89491AA5EFF}.Debug|Any CPU.ActiveCfg = Debug|Any CPU
		{2A68AFB5-1B1A-480D-9C77-E89491AA5EFF}.Debug|Any CPU.Build.0 = Debug|Any CPU
		{2A68AFB5-1B1A-480D-9C77-E89491AA5EFF}.Release|Any CPU.ActiveCfg = Release|Any CPU
		{2A68AFB5-1B1A-480D-9C77-E89491AA5EFF}.Release|Any CPU.Build.0 = Release|Any CPU
	EndGlobalSection
	GlobalSection(SolutionProperties) = preSolution
		HideSolutionNode = FALSE
	EndGlobalSection
	GlobalSection(ExtensibilityGlobals) = postSolution
		SolutionGuid = {B590D06B-8E5C-4F38-B0F4-2DAF5E1C0F2E}
	EndGlobalSection
EndGlobal
